github.com/herebythere/queuelx/v0.1/golang v0.0.0-20210826081338-5464a5a52c78 h1:fbY0rzM7TA9yWqKRRKmP0ENXs6Me0OXiRNLL9aGL7lQ=
github.com/herebythere/queuelx/v0.1/golang v0.0.0-20210826081338-5464a5a52c78/go.mod h1:zAmcuiwJWK+8VVLvEt8OfwtkQ3cshJ6q+1QpJzmbIRQ=
github.com/herebythere/supercachelx/v0.1/golang v0.0.0-20210821060124-804c93f5991b h1:YUKuIA4yWtIDH746+l41TdC+1PG70tot8r8IdWvteE4=
github.com/herebythere/supercachelx/v0.1/golang v0.0.0-20210821060124-804c93f5991b/go.mod h1:ay6UsfW1cwADCFkCz5EIJGGcn6bBtIIzXGbhk+zf6T4=
